{
  "name": "functions",
  "requires": true,
  "lockfileVersion": 1,
  "dependencies": {
    "cors": {
      "version": "2.8.5",
      "resolved": "https://registry.npmjs.org/cors/-/cors-2.8.5.tgz",
      "integrity": "sha512-KIHbLJqu73RGr/hnbrO9uBeixNGuvSQjul/jdFvS/KFSIH1hWVd1ng7zOHx+YrEfInLG7q4n6GHQ9cDtxv/P6g=="
    },
    "firebase-admin": {
      "version": "6.0.0",
      "resolved": "https://registry.npmjs.org/firebase-admin/-/firebase-admin-6.0.0.tgz",
      "integrity": "sha512-ai7ensTAZx9iF6z/lMn7JzFJYSl6+uXYm53GGhWlph+npnQli10FF9YB97OjcVUghapDEWzmb6J0VMtB965nsw=="
    },
    "firebase-functions": {
      "version": "2.2.0",
      "resolved": "https://registry.npmjs.org/firebase-functions/-/firebase-functions-2.2.0.tgz",
      "integrity": "sha512-83rJvXreTH98q1XEEUZ4G9nFZ0sUVaqkxPC+v25L9FuXsWgAFpW7G28K0MJ9DBPNo/RaeNNw0zvZVtDw11CEbQ==",
      "dependencies": {
        "jsonwebtoken": {
          "version": "8.5.1",
          "resolved": "https://registry.npmjs.org/jsonwebtoken/-/jsonwebtoken-8.5.1.tgz",
          "integrity": "sha512-XjwVfRS6jTMsqYs0EsuJ4LGxXV14zQybNd4L2r0UvbVnSF9Af8x7p5MzbJ90Ioz/9TI41/hTCvznF/loiSzn8w=="
        },
        "ms": {
          "version": "2.1.1",
          "resolved": "https://registry.npmjs.org/ms/-/ms-2.1.1.tgz",
          "integrity": "sha512-tgp+dl5cGk28utYktBsrFqA7HKgrhgPsg6Z/EfhWI4gl1Hwq8B/GmY/0oXZ6nF8hDVesS/FpnYaD/kOWhYQvyg=="
        }
      }
    },
    "request": {
      "version": "2.88.0",
      "resolved": "https://registry.npmjs.org/request/-/request-2.88.0.tgz",
      "integrity": "sha512-NAqBSrijGLZdM0WZNsInLJpkJokL72XYjUpnB0iwsRgxh7dB6COrHnTBNwN0E+lHDAJzu7kLAkDeY08z2/A0hg=="
    }
  }
}
